
Microsoft Visual Studio Solution File, Format Version 12.00
# Visual Studio 14
VisualStudioVersion = 14.0.24720.0
MinimumVisualStudioVersion = 10.0.40219.1
Project("{FAE04EC0-301F-11D3-BF4B-00C04F79EFBC}") = "CompliaShield.Sdk.Cryptography", "CompliaShield.Sdk.Encryption\CompliaShield.Sdk.Cryptography.csproj", "{C1FBA751-4812-4181-88DD-DE782C40E82B}"
EndProject
Project("{FAE04EC0-301F-11D3-BF4B-00C04F79EFBC}") = "CompliaShield.Sdk.Cryptography.Tests", "CompliaShield.Sdk.Encryption.Tests\CompliaShield.Sdk.Cryptography.Tests.csproj", "{EEDFE3C2-92A2-4429-A008-FB2B95F0F125}"
EndProject
Global
	GlobalSection(SolutionConfigurationPlatforms) = preSolution
		Debug|Any CPU = Debug|Any CPU
		Release|Any CPU = Release|Any CPU
	EndGlobalSection
	GlobalSection(ProjectConfigurationPlatforms) = postSolution
		{C1FBA751-4812-4181-88DD-DE782C40E82B}.Debug|Any CPU.ActiveCfg = Debug|Any CPU
		{C1FBA751-4812-4181-88DD-DE782C40E82B}.Debug|Any CPU.Build.0 = Debug|Any CPU
		{C1FBA751-4812-4181-88DD-DE782C40E82B}.Release|Any CPU.ActiveCfg = Release|Any CPU
		{C1FBA751-4812-4181-88DD-DE782C40E82B}.Release|Any CPU.Build.0 = Release|Any CPU
		{EEDFE3C2-92A2-4429-A008-FB2B95F0F125}.Debug|Any CPU.ActiveCfg = Debug|Any CPU
		{EEDFE3C2-92A2-4429-A008-FB2B95F0F125}.Debug|Any CPU.Build.0 = Debug|Any CPU
		{EEDFE3C2-92A2-4429-A008-FB2B95F0F125}.Release|Any CPU.ActiveCfg = Release|Any CPU
		{EEDFE3C2-92A2-4429-A008-FB2B95F0F125}.Release|Any CPU.Build.0 = Release|Any CPU
	EndGlobalSection
	GlobalSection(SolutionProperties) = preSolution
		HideSolutionNode = FALSE
	EndGlobalSection
EndGlobal
